Microsoft Visual Studio Solution File, Format Version 11.00
# Visual Studio 2008

Project("{64C3D012-E067-E82E-F054-4C5A58024D27}") = "Technical Preview", "Assembly-CSharp.csproj", "{51812FFF-E593-9CBF-A5F6-3A549105DE41}"
EndProject
Global
	GlobalSection(SolutionConfigurationPlatforms) = preSolution
		Debug|Any CPU = Debug|Any CPU
		Release|Any CPU = Release|Any CPU
	EndGlobalSection
	GlobalSection(ProjectConfigurationPlatforms) = postSolution
		{51812FFF-E593-9CBF-A5F6-3A549105DE41}.Debug|Any CPU.ActiveCfg = Debug|Any CPU
		{51812FFF-E593-9CBF-A5F6-3A549105DE41}.Debug|Any CPU.Build.0 = Debug|Any CPU
		{51812FFF-E593-9CBF-A5F6-3A549105DE41}.Release|Any CPU.ActiveCfg = Release|Any CPU
		{51812FFF-E593-9CBF-A5F6-3A549105DE41}.Release|Any CPU.Build.0 = Release|Any CPU
	EndGlobalSection
	GlobalSection(SolutionProperties) = preSolution
		HideSolutionNode = FALSE
	EndGlobalSection
	GlobalSection(MonoDevelopProperties) = preSolution
		StartupItem = Assembly-CSharp.csproj
	EndGlobalSection
EndGlobal
